// !$*UTF8*$!
{
	archiveVersion = 1;
	classes = {
	};
	objectVersion = 46;
	objects = {

/* Begin PBXBuildFile section */
		1AA0AE201DD3DA3D000D64F9 /* MissionDetailsViewControllerDelegate.swift in Sources */ = {isa = PBXBuildFile; fileRef = 1AA0AE1F1DD3DA3D000D64F9 /* MissionDetailsViewControllerDelegate.swift */; };
		1AC7DEEC1DD3BE1D0076719E /* MissionDetailsViewController.swift in Sources */ = {isa = PBXBuildFile; fileRef = 1AC7DEEB1DD3BE1D0076719E /* MissionDetailsViewController.swift */; };
		1AC7DEEE1DD3C89C0076719E /* CancelButtonDelegate.swift in Sources */ = {isa = PBXBuildFile; fileRef = 1AC7DEED1DD3C89C0076719E /* CancelButtonDelegate.swift */; };
		1AD2CC991DD2AD480031739F /* AppDelegate.swift in Sources */ = {isa = PBXBuildFile; fileRef = 1AD2CC981DD2AD480031739F /* AppDelegate.swift */; };
		1AD2CC9E1DD2AD480031739F /* Main.storyboard in Resources */ = {isa = PBXBuildFile; fileRef = 1AD2CC9C1DD2AD480031739F /* Main.storyboard */; };
		1AD2CCA11DD2AD480031739F /* bucket_list.xcdatamodeld in Sources */ = {isa = PBXBuildFile; fileRef = 1AD2CC9F1DD2AD480031739F /* bucket_list.xcdatamodeld */; };
		1AD2CCA31DD2AD480031739F /* Assets.xcassets in Resources */ = {isa = PBXBuildFile; fileRef = 1AD2CCA21DD2AD480031739F /* Assets.xcassets */; };
		1AD2CCA61DD2AD480031739F /* LaunchScreen.storyboard in Resources */ = {isa = PBXBuildFile; fileRef = 1AD2CCA41DD2AD480031739F /* LaunchScreen.storyboard */; };
		1AD2CCB11DD2AD480031739F /* bucket_listTests.swift in Sources */ = {isa = PBXBuildFile; fileRef = 1AD2CCB01DD2AD480031739F /* bucket_listTests.swift */; };
		1AD2CCBC1DD2AD490031739F /* bucket_listUITests.swift in Sources */ = {isa = PBXBuildFile; fileRef = 1AD2CCBB1DD2AD490031739F /* bucket_listUITests.swift */; };
		1AD2CCCA1DD2B8930031739F /* BucketListViewController.swift in Sources */ = {isa = PBXBuildFile; fileRef = 1AD2CCC91DD2B8930031739F /* BucketListViewController.swift */; };
/* End PBXBuildFile section */

/* Begin PBXContainerItemProxy section */
		1AD2CCAD1DD2AD480031739F /* PBXContainerItemProxy */ = {
			isa = PBXContainerItemProxy;
			containerPortal = 1AD2CC8D1DD2AD480031739F /* Project object */;
			proxyType = 1;
			remoteGlobalIDString = 1AD2CC941DD2AD480031739F;
			remoteInfo = bucket_list;
		};
		1AD2CCB81DD2AD490031739F /* PBXContainerItemProxy */ = {
			isa = PBXContainerItemProxy;
			containerPortal = 1AD2CC8D1DD2AD480031739F /* Project object */;
			proxyType = 1;
			remoteGlobalIDString = 1AD2CC941DD2AD480031739F;
			remoteInfo = bucket_list;
		};
/* End PBXContainerItemProxy section */

/* Begin PBXFileReference section */
		1AA0AE1F1DD3DA3D000D64F9 /* MissionDetailsViewControllerDelegate.swift */ = {isa = PBXFileReference; fileEncoding = 4; lastKnownFileType = sourcecode.swift; path = MissionDetailsViewControllerDelegate.swift; sourceTree = SOURCE_ROOT; };
		1AC7DEEB1DD3BE1D0076719E /* MissionDetailsViewController.swift */ = {isa = PBXFileReference; fileEncoding = 4; lastKnownFileType = sourcecode.swift; name = MissionDetailsViewController.swift; path = ../MissionDetailsViewController.swift; sourceTree = "<group>"; };
		1AC7DEED1DD3C89C0076719E /* CancelButtonDelegate.swift */ = {isa = PBXFileReference; fileEncoding = 4; lastKnownFileType = sourcecode.swift; path = CancelButtonDelegate.swift; sourceTree = SOURCE_ROOT; };
		1AD2CC951DD2AD480031739F /* bucket_list.app */ = {isa = PBXFileReference; explicitFileType = wrapper.application; includeInIndex = 0; path = bucket_list.app; sourceTree = BUILT_PRODUCTS_DIR; };
		1AD2CC981DD2AD480031739F /* AppDelegate.swift */ = {isa = PBXFileReference; lastKnownFileType = sourcecode.swift; path = AppDelegate.swift; sourceTree = "<group>"; };
		1AD2CC9D1DD2AD480031739F /* Base */ = {isa = PBXFileReference; lastKnownFileType = file.storyboard; name = Base; path = Base.lproj/Main.storyboard; sourceTree = "<group>"; };
		1AD2CCA01DD2AD480031739F /* bucket_list.xcdatamodel */ = {isa = PBXFileReference; lastKnownFileType = wrapper.xcdatamodel; path = bucket_list.xcdatamodel; sourceTree = "<group>"; };
		1AD2CCA21DD2AD480031739F /* Assets.xcassets */ = {isa = PBXFileReference; lastKnownFileType = folder.assetcatalog; path = Assets.xcassets; sourceTree = "<group>"; };
		1AD2CCA51DD2AD480031739F /* Base */ = {isa = PBXFileReference; lastKnownFileType = file.storyboard; name = Base; path = Base.lproj/LaunchScreen.storyboard; sourceTree = "<group>"; };
		1AD2CCA71DD2AD480031739F /* Info.plist */ = {isa = PBXFileReference; lastKnownFileType = text.plist.xml; path = Info.plist; sourceTree = "<group>"; };
		1AD2CCAC1DD2AD480031739F /* bucket_listTests.xctest */ = {isa = PBXFileReference; explicitFileType = wrapper.cfbundle; includeInIndex = 0; path = bucket_listTests.xctest; sourceTree = BUILT_PRODUCTS_DIR; };
		1AD2CCB01DD2AD480031739F /* bucket_listTests.swift */ = {isa = PBXFileReference; lastKnownFileType = sourcecode.swift; path = bucket_listTests.swift; sourceTree = "<group>"; };
		1AD2CCB21DD2AD480031739F /* Info.plist */ = {isa = PBXFileReference; lastKnownFileType = text.plist.xml; path = Info.plist; sourceTree = "<group>"; };
		1AD2CCB71DD2AD490031739F /* bucket_listUITests.xctest */ = {isa = PBXFileReference; explicitFileType = wrapper.cfbundle; includeInIndex = 0; path = bucket_listUITests.xctest; sourceTree = BUILT_PRODUCTS_DIR; };
		1AD2CCBB1DD2AD490031739F /* bucket_listUITests.swift */ = {isa = PBXFileReference; lastKnownFileType = sourcecode.swift; path = bucket_listUITests.swift; sourceTree = "<group>"; };
		1AD2CCBD1DD2AD490031739F /* Info.plist */ = {isa = PBXFileReference; lastKnownFileType = text.plist.xml; path = Info.plist; sourceTree = "<group>"; };
		1AD2CCC91DD2B8930031739F /* BucketListViewController.swift */ = {isa = PBXFileReference; fileEncoding = 4; lastKnownFileType = sourcecode.swift; name = BucketListViewController.swift; path = ../BucketListViewController.swift; sourceTree = "<group>"; };
/* End PBXFileReference section */

/* Begin PBXFrameworksBuildPhase section */
		1AD2CC921DD2AD480031739F /* Frameworks */ = {
			isa = PBXFrameworksBuildPhase;
			buildActionMask = 2147483647;
			files = (
			);
			runOnlyForDeploymentPostprocessing = 0;
		};
		1AD2CCA91DD2AD480031739F /* Frameworks */ = {
			isa = PBXFrameworksBuildPhase;
			buildActionMask = 2147483647;
			files = (
			);
			runOnlyForDeploymentPostprocessing = 0;
		};
		1AD2CCB41DD2AD490031739F /* Frameworks */ = {
			isa = PBXFrameworksBuildPhase;
			buildActionMask = 2147483647;
			files = (
			);
			runOnlyForDeploymentPostprocessing = 0;
		};
/* End PBXFrameworksBuildPhase section */

/* Begin PBXGroup section */
		1AD2CC8C1DD2AD480031739F = {
			isa = PBXGroup;
			children = (
				1AD2CC971DD2AD480031739F /* bucket_list */,
				1AD2CCAF1DD2AD480031739F /* bucket_listTests */,
				1AD2CCBA1DD2AD490031739F /* bucket_listUITests */,
				1AD2CC961DD2AD480031739F /* Products */,
			);
			sourceTree = "<group>";
		};
		1AD2CC961DD2AD480031739F /* Products */ = {
			isa = PBXGroup;
			children = (
				1AD2CC951DD2AD480031739F /* bucket_list.app */,
				1AD2CCAC1DD2AD480031739F /* bucket_listTests.xctest */,
				1AD2CCB71DD2AD490031739F /* bucket_listUITests.xctest */,
			);
			name = Products;
			sourceTree = "<group>";
		};
		1AD2CC971DD2AD480031739F /* bucket_list */ = {
			isa = PBXGroup;
			children = (
				1AC7DEEB1DD3BE1D0076719E /* MissionDetailsViewController.swift */,
				1AA0AE1F1DD3DA3D000D64F9 /* MissionDetailsViewControllerDelegate.swift */,
				1AC7DEED1DD3C89C0076719E /* CancelButtonDelegate.swift */,
				1AD2CCC91DD2B8930031739F /* BucketListViewController.swift */,
				1AD2CC981DD2AD480031739F /* AppDelegate.swift */,
				1AD2CC9C1DD2AD480031739F /* Main.storyboard */,
				1AD2CCA21DD2AD480031739F /* Assets.xcassets */,
				1AD2CCA41DD2AD480031739F /* LaunchScreen.storyboard */,
				1AD2CCA71DD2AD480031739F /* Info.plist */,
				1AD2CC9F1DD2AD480031739F /* bucket_list.xcdatamodeld */,
			);
			path = bucket_list;
			sourceTree = "<group>";
		};
		1AD2CCAF1DD2AD480031739F /* bucket_listTests */ = {
			isa = PBXGroup;
			children = (
				1AD2CCB01DD2AD480031739F /* bucket_listTests.swift */,
				1AD2CCB21DD2AD480031739F /* Info.plist */,
			);
			path = bucket_listTests;
			sourceTree = "<group>";
		};
		1AD2CCBA1DD2AD490031739F /* bucket_listUITests */ = {
			isa = PBXGroup;
			children = (
				1AD2CCBB1DD2AD490031739F /* bucket_listUITests.swift */,
				1AD2CCBD1DD2AD490031739F /* Info.plist */,
			);
			path = bucket_listUITests;
			sourceTree = "<group>";
		};
/* End PBXGroup section */

/* Begin PBXNativeTarget section */
		1AD2CC941DD2AD480031739F /* bucket_list */ = {
			isa = PBXNativeTarget;
			buildConfigurationList = 1AD2CCC01DD2AD490031739F /* Build configuration list for PBXNativeTarget "bucket_list" */;
			buildPhases = (
				1AD2CC911DD2AD480031739F /* Sources */,
				1AD2CC921DD2AD480031739F /* Frameworks */,
				1AD2CC931DD2AD480031739F /* Resources */,
			);
			buildRules = (
			);
			dependencies = (
			);
			name = bucket_list;
			productName = bucket_list;
			productReference = 1AD2CC951DD2AD480031739F /* bucket_list.app */;
			productType = "com.apple.product-type.application";
		};
		1AD2CCAB1DD2AD480031739F /* bucket_listTests */ = {
			isa = PBXNativeTarget;
			buildConfigurationList = 1AD2CCC31DD2AD490031739F /* Build configuration list for PBXNativeTarget "bucket_listTests" */;
			buildPhases = (
				1AD2CCA81DD2AD480031739F /* Sources */,
				1AD2CCA91DD2AD480031739F /* Frameworks */,
				1AD2CCAA1DD2AD480031739F /* Resources */,
			);
			buildRules = (
			);
			dependencies = (
				1AD2CCAE1DD2AD480031739F /* PBXTargetDependency */,
			);
			name = bucket_listTests;
			productName = bucket_listTests;
			productReference = 1AD2CCAC1DD2AD480031739F /* bucket_listTests.xctest */;
			productType = "com.apple.product-type.bundle.unit-test";
		};
		1AD2CCB61DD2AD490031739F /* bucket_listUITests */ = {
			isa = PBXNativeTarget;
			buildConfigurationList = 1AD2CCC61DD2AD490031739F /* Build configuration list for PBXNativeTarget "bucket_listUITests" */;
			buildPhases = (
				1AD2CCB31DD2AD490031739F /* Sources */,
				1AD2CCB41DD2AD490031739F /* Frameworks */,
				1AD2CCB51DD2AD490031739F /* Resources */,
			);
			buildRules = (
			);
			dependencies = (
				1AD2CCB91DD2AD490031739F /* PBXTargetDependency */,
			);
			name = bucket_listUITests;
			productName = bucket_listUITests;
			productReference = 1AD2CCB71DD2AD490031739F /* bucket_listUITests.xctest */;
			productType = "com.apple.product-type.bundle.ui-testing";
		};
/* End PBXNativeTarget section */

/* Begin PBXProject section */
		1AD2CC8D1DD2AD480031739F /* Project object */ = {
			isa = PBXProject;
			attributes = {
				LastSwiftUpdateCheck = 0810;
				LastUpgradeCheck = 0810;
				ORGANIZATIONNAME = "Erik Clineschmidt";
				TargetAttributes = {
					1AD2CC941DD2AD480031739F = {
						CreatedOnToolsVersion = 8.1;
						DevelopmentTeam = 5AZVTM6347;
						ProvisioningStyle = Automatic;
					};
					1AD2CCAB1DD2AD480031739F = {
						CreatedOnToolsVersion = 8.1;
						ProvisioningStyle = Automatic;
						TestTargetID = 1AD2CC941DD2AD480031739F;
					};
					1AD2CCB61DD2AD490031739F = {
						CreatedOnToolsVersion = 8.1;
						ProvisioningStyle = Automatic;
						TestTargetID = 1AD2CC941DD2AD480031739F;
					};
				};
			};
			buildConfigurationList = 1AD2CC901DD2AD480031739F /* Build configuration list for PBXProject "bucket_list" */;
			compatibilityVersion = "Xcode 3.2";
			developmentRegion = English;
			hasScannedForEncodings = 0;
			knownRegions = (
				en,
				Base,
			);
			mainGroup = 1AD2CC8C1DD2AD480031739F;
			productRefGroup = 1AD2CC961DD2AD480031739F /* Products */;
			projectDirPath = "";
			projectRoot = "";
			targets = (
				1AD2CC941DD2AD480031739F /* bucket_list */,
				1AD2CCAB1DD2AD480031739F /* bucket_listTests */,
				1AD2CCB61DD2AD490031739F /* bucket_listUITests */,
			);
		};
/* End PBXProject section */

/* Begin PBXResourcesBuildPhase section */
		1AD2CC931DD2AD480031739F /* Resources */ = {
			isa = PBXResourcesBuildPhase;
			buildActionMask = 2147483647;
			files = (
				1AD2CCA61DD2AD480031739F /* LaunchScreen.storyboard in Resources */,
				1AD2CCA31DD2AD480031739F /* Assets.xcassets in Resources */,
				1AD2CC9E1DD2AD480031739F /* Main.storyboard in Resources */,
			);
			runOnlyForDeploymentPostprocessing = 0;
		};
		1AD2CCAA1DD2AD480031739F /* Resources */ = {
			isa = PBXResourcesBuildPhase;
			buildActionMask = 2147483647;
			files = (
			);
			runOnlyForDeploymentPostprocessing = 0;
		};
		1AD2CCB51DD2AD490031739F /* Resources */ = {
			isa = PBXResourcesBuildPhase;
			buildActionMask = 2147483647;
			files = (
			);
			runOnlyForDeploymentPostprocessing = 0;
		};
/* End PBXResourcesBuildPhase section */

/* Begin PBXSourcesBuildPhase section */
		1AD2CC911DD2AD480031739F /* Sources */ = {
			isa = PBXSourcesBuildPhase;
			buildActionMask = 2147483647;
			files = (
				1AC7DEEC1DD3BE1D0076719E /* MissionDetailsViewController.swift in Sources */,
				1AA0AE201DD3DA3D000D64F9 /* MissionDetailsViewControllerDelegate.swift in Sources */,
				1AD2CC991DD2AD480031739F /* AppDelegate.swift in Sources */,
				1AD2CCCA1DD2B8930031739F /* BucketListViewController.swift in Sources */,
				1AD2CCA11DD2AD480031739F /* bucket_list.xcdatamodeld in Sources */,
				1AC7DEEE1DD3C89C0076719E /* CancelButtonDelegate.swift in Sources */,
			);
			runOnlyForDeploymentPostprocessing = 0;
		};
		1AD2CCA81DD2AD480031739F /* Sources */ = {
			isa = PBXSourcesBuildPhase;
			buildActionMask = 2147483647;
			files = (
				1AD2CCB11DD2AD480031739F /* bucket_listTests.swift in Sources */,
			);
			runOnlyForDeploymentPostprocessing = 0;
		};
		1AD2CCB31DD2AD490031739F /* Sources */ = {
			isa = PBXSourcesBuildPhase;
			buildActionMask = 2147483647;
			files = (
				1AD2CCBC1DD2AD490031739F /* bucket_listUITests.swift in Sources */,
			);
			runOnlyForDeploymentPostprocessing = 0;
		};
/* End PBXSourcesBuildPhase section */

/* Begin PBXTargetDependency section */
		1AD2CCAE1DD2AD480031739F /* PBXTargetDependency */ = {
			isa = PBXTargetDependency;
			target = 1AD2CC941DD2AD480031739F /* bucket_list */;
			targetProxy = 1AD2CCAD1DD2AD480031739F /* PBXContainerItemProxy */;
		};
		1AD2CCB91DD2AD490031739F /* PBXTargetDependency */ = {
			isa = PBXTargetDependency;
			target = 1AD2CC941DD2AD480031739F /* bucket_list */;
			targetProxy = 1AD2CCB81DD2AD490031739F /* PBXContainerItemProxy */;
		};
/* End PBXTargetDependency section */

/* Begin PBXVariantGroup section */
		1AD2CC9C1DD2AD480031739F /* Main.storyboard */ = {
			isa = PBXVariantGroup;
			children = (
				1AD2CC9D1DD2AD480031739F /* Base */,
			);
			name = Main.storyboard;
			sourceTree = "<group>";
		};
		1AD2CCA41DD2AD480031739F /* LaunchScreen.storyboard */ = {
			isa = PBXVariantGroup;
			children = (
				1AD2CCA51DD2AD480031739F /* Base */,
			);
			name = LaunchScreen.storyboard;
			sourceTree = "<group>";
		};
/* End PBXVariantGroup section */

/* Begin XCBuildConfiguration section */
		1AD2CCBE1DD2AD490031739F /* Debug */ = {
			isa = XCBuildConfiguration;
			buildSettings = {
				ALWAYS_SEARCH_USER_PATHS = NO;
				CLANG_ANALYZER_NONNULL = YES;
				CLANG_CXX_LANGUAGE_STANDARD = "gnu++0x";
				CLANG_CXX_LIBRARY = "libc++";
				CLANG_ENABLE_MODULES = YES;
				CLANG_ENABLE_OBJC_ARC = YES;
				CLANG_WARN_BOOL_CONVERSION = YES;
				CLANG_WARN_CONSTANT_CONVERSION = YES;
				CLANG_WARN_DIRECT_OBJC_ISA_USAGE = YES_ERROR;
				CLANG_WARN_DOCUMENTATION_COMMENTS = YES;
				CLANG_WARN_EMPTY_BODY = YES;
				CLANG_WARN_ENUM_CONVERSION = YES;
				CLANG_WARN_INFINITE_RECURSION = YES;
				CLANG_WARN_INT_CONVERSION = YES;
				CLANG_WARN_OBJC_ROOT_CLASS = YES_ERROR;
				CLANG_WARN_SUSPICIOUS_MOVES = YES;
				CLANG_WARN_UNREACHABLE_CODE = YES;
				CLANG_WARN__DUPLICATE_METHOD_MATCH = YES;
				"CODE_SIGN_IDENTITY[sdk=iphoneos*]" = "iPhone Developer";
				COPY_PHASE_STRIP = NO;
				DEBUG_INFORMATION_FORMAT = dwarf;
				ENABLE_STRICT_OBJC_MSGSEND = YES;
				ENABLE_TESTABILITY = YES;
				GCC_C_LANGUAGE_STANDARD = gnu99;
				GCC_DYNAMIC_NO_PIC = NO;
				GCC_NO_COMMON_BLOCKS = YES;
				GCC_OPTIMIZATION_LEVEL = 0;
				GCC_PREPROCESSOR_DEFINITIONS = (
					"DEBUG=1",
					"$(inherited)",
				);
				GCC_WARN_64_TO_32_BIT_CONVERSION = YES;
				GCC_WARN_ABOUT_RETURN_TYPE = YES_ERROR;
				GCC_WARN_UNDECLARED_SELECTOR = YES;
				GCC_WARN_UNINITIALIZED_AUTOS = YES_AGGRESSIVE;
				GCC_WARN_UNUSED_FUNCTION = YES;
				GCC_WARN_UNUSED_VARIABLE = YES;
				IPHONEOS_DEPLOYMENT_TARGET = 10.1;
				MTL_ENABLE_DEBUG_INFO = YES;
				ONLY_ACTIVE_ARCH = YES;
				SDKROOT = iphoneos;
				SWIFT_ACTIVE_COMPILATION_CONDITIONS = DEBUG;
				SWIFT_OPTIMIZATION_LEVEL = "-Onone";
				TARGETED_DEVICE_FAMILY = "1,2";
			};
			name = Debug;
		};
		1AD2CCBF1DD2AD490031739F /* Release */ = {
			isa = XCBuildConfiguration;
			buildSettings = {
				ALWAYS_SEARCH_USER_PATHS = NO;
				CLANG_ANALYZER_NONNULL = YES;
				CLANG_CXX_LANGUAGE_STANDARD = "gnu++0x";
				CLANG_CXX_LIBRARY = "libc++";
				CLANG_ENABLE_MODULES = YES;
				CLANG_ENABLE_OBJC_ARC = YES;
				CLANG_WARN_BOOL_CONVERSION = YES;
				CLANG_WARN_CONSTANT_CONVERSION = YES;
				CLANG_WARN_DIRECT_OBJC_ISA_USAGE = YES_ERROR;
				CLANG_WARN_DOCUMENTATION_COMMENTS = YES;
				CLANG_WARN_EMPTY_BODY = YES;
				CLANG_WARN_ENUM_CONVERSION = YES;
				CLANG_WARN_INFINITE_RECURSION = YES;
				CLANG_WARN_INT_CONVERSION = YES;
				CLANG_WARN_OBJC_ROOT_CLASS = YES_ERROR;
				CLANG_WARN_SUSPICIOUS_MOVES = YES;
				CLANG_WARN_UNREACHABLE_CODE = YES;
				CLANG_WARN__DUPLICATE_METHOD_MATCH = YES;
				"CODE_SIGN_IDENTITY[sdk=iphoneos*]" = "iPhone Developer";
				COPY_PHASE_STRIP = NO;
				DEBUG_INFORMATION_FORMAT = "dwarf-with-dsym";
				ENABLE_NS_ASSERTIONS = NO;
				ENABLE_STRICT_OBJC_MSGSEND = YES;
				GCC_C_LANGUAGE_STANDARD = gnu99;
				GCC_NO_COMMON_BLOCKS = YES;
				GCC_WARN_64_TO_32_BIT_CONVERSION = YES;
				GCC_WARN_ABOUT_RETURN_TYPE = YES_ERROR;
				GCC_WARN_UNDECLARED_SELECTOR = YES;
				GCC_WARN_UNINITIALIZED_AUTOS = YES_AGGRESSIVE;
				GCC_WARN_UNUSED_FUNCTION = YES;
				GCC_WARN_UNUSED_VARIABLE = YES;
				IPHONEOS_DEPLOYMENT_TARGET = 10.1;
				MTL_ENABLE_DEBUG_INFO = NO;
				SDKROOT = iphoneos;
				SWIFT_OPTIMIZATION_LEVEL = "-Owholemodule";
				TARGETED_DEVICE_FAMILY = "1,2";
				VALIDATE_PRODUCT = YES;
			};
			name = Release;
		};
		1AD2CCC11DD2AD490031739F /* Debug */ = {
			isa = XCBuildConfiguration;
			buildSettings = {
				ASSETCATALOG_COMPILER_APPICON_NAME = AppIcon;
				DEVELOPMENT_TEAM = 5AZVTM6347;
				INFOPLIST_FILE = bucket_list/Info.plist;
				LD_RUNPATH_SEARCH_PATHS = "$(inherited) @executable_path/Frameworks";
				PRODUCT_BUNDLE_IDENTIFIER = "com.slopesidecreative.bucket-list";
				PRODUCT_NAME = "$(TARGET_NAME)";
				SWIFT_VERSION = 3.0;
			};
			name = Debug;
		};
		1AD2CCC21DD2AD490031739F /* Release */ = {
			isa = XCBuildConfiguration;
			buildSettings = {
				ASSETCATALOG_COMPILER_APPICON_NAME = AppIcon;
				DEVELOPMENT_TEAM = 5AZVTM6347;
				INFOPLIST_FILE = bucket_list/Info.plist;
				LD_RUNPATH_SEARCH_PATHS = "$(inherited) @executable_path/Frameworks";
				PRODUCT_BUNDLE_IDENTIFIER = "com.slopesidecreative.bucket-list";
				PRODUCT_NAME = "$(TARGET_NAME)";
				SWIFT_VERSION = 3.0;
			};
			name = Release;
		};
		1AD2CCC41DD2AD490031739F /* Debug */ = {
			isa = XCBuildConfiguration;
			buildSettings = {
				ALWAYS_EMBED_SWIFT_STANDARD_LIBRARIES = YES;
				BUNDLE_LOADER = "$(TEST_HOST)";
				INFOPLIST_FILE = bucket_listTests/Info.plist;
				LD_RUNPATH_SEARCH_PATHS = "$(inherited) @executable_path/Frameworks @loader_path/Frameworks";
				PRODUCT_BUNDLE_IDENTIFIER = "com.slopesidecreative.bucket-listTests";
				PRODUCT_NAME = "$(TARGET_NAME)";
				SWIFT_VERSION = 3.0;
				TEST_HOST = "$(BUILT_PRODUCTS_DIR)/bucket_list.app/bucket_list";
			};
			name = Debug;
		};
		1AD2CCC51DD2AD490031739F /* Release */ = {
			isa = XCBuildConfiguration;
			buildSettings = {
				ALWAYS_EMBED_SWIFT_STANDARD_LIBRARIES = YES;
				BUNDLE_LOADER = "$(TEST_HOST)";
				INFOPLIST_FILE = bucket_listTests/Info.plist;
				LD_RUNPATH_SEARCH_PATHS = "$(inherited) @executable_path/Frameworks @loader_path/Frameworks";
				PRODUCT_BUNDLE_IDENTIFIER = "com.slopesidecreative.bucket-listTests";
				PRODUCT_NAME = "$(TARGET_NAME)";
				SWIFT_VERSION = 3.0;
				TEST_HOST = "$(BUILT_PRODUCTS_DIR)/bucket_list.app/bucket_list";
			};
			name = Release;
		};
		1AD2CCC71DD2AD490031739F /* Debug */ = {
			isa = XCBuildConfiguration;
			buildSettings = {
				ALWAYS_EMBED_SWIFT_STANDARD_LIBRARIES = YES;
				INFOPLIST_FILE = bucket_listUITests/Info.plist;
				LD_RUNPATH_SEARCH_PATHS = "$(inherited) @executable_path/Frameworks @loader_path/Frameworks";
				PRODUCT_BUNDLE_IDENTIFIER = "com.slopesidecreative.bucket-listUITests";
				PRODUCT_NAME = "$(TARGET_NAME)";
				SWIFT_VERSION = 3.0;
				TEST_TARGET_NAME = bucket_list;
			};
			name = Debug;
		};
		1AD2CCC81DD2AD490031739F /* Release */ = {
			isa = XCBuildConfiguration;
			buildSettings = {
				ALWAYS_EMBED_SWIFT_STANDARD_LIBRARIES = YES;
				INFOPLIST_FILE = bucket_listUITests/Info.plist;
				LD_RUNPATH_SEARCH_PATHS = "$(inherited) @executable_path/Frameworks @loader_path/Frameworks";
				PRODUCT_BUNDLE_IDENTIFIER = "com.slopesidecreative.bucket-listUITests";
				PRODUCT_NAME = "$(TARGET_NAME)";
				SWIFT_VERSION = 3.0;
				TEST_TARGET_NAME = bucket_list;
			};
			name = Release;
		};
/* End XCBuildConfiguration section */

/* Begin XCConfigurationList section */
		1AD2CC901DD2AD480031739F /* Build configuration list for PBXProject "bucket_list" */ = {
			isa = XCConfigurationList;
			buildConfigurations = (
				1AD2CCBE1DD2AD490031739F /* Debug */,
				1AD2CCBF1DD2AD490031739F /* Release */,
			);
			defaultConfigurationIsVisible = 0;
			defaultConfigurationName = Release;
		};
		1AD2CCC01DD2AD490031739F /* Build configuration list for PBXNativeTarget "bucket_list" */ = {
			isa = XCConfigurationList;
			buildConfigurations = (
				1AD2CCC11DD2AD490031739F /* Debug */,
				1AD2CCC21DD2AD490031739F /* Release */,
			);
			defaultConfigurationIsVisible = 0;
			defaultConfigurationName = Release;
		};
		1AD2CCC31DD2AD490031739F /* Build configuration list for PBXNativeTarget "bucket_listTests" */ = {
			isa = XCConfigurationList;
			buildConfigurations = (
				1AD2CCC41DD2AD490031739F /* Debug */,
				1AD2CCC51DD2AD490031739F /* Release */,
			);
			defaultConfigurationIsVisible = 0;
			defaultConfigurationName = Release;
		};
		1AD2CCC61DD2AD490031739F /* Build configuration list for PBXNativeTarget "bucket_listUITests" */ = {
			isa = XCConfigurationList;
			buildConfigurations = (
				1AD2CCC71DD2AD490031739F /* Debug */,
				1AD2CCC81DD2AD490031739F /* Release */,
			);
			defaultConfigurationIsVisible = 0;
			defaultConfigurationName = Release;
		};
/* End XCConfigurationList section */

/* Begin XCVersionGroup section */
		1AD2CC9F1DD2AD480031739F /* bucket_list.xcdatamodeld */ = {
			isa = XCVersionGroup;
			children = (
				1AD2CCA01DD2AD480031739F /* bucket_list.xcdatamodel */,
			);
			currentVersion = 1AD2CCA01DD2AD480031739F /* bucket_list.xcdatamodel */;
			path = bucket_list.xcdatamodeld;
			sourceTree = "<group>";
			versionGroupType = wrapper.xcdatamodel;
		};
/* End XCVersionGroup section */
	};
	rootObject = 1AD2CC8D1DD2AD480031739F /* Project object */;
}
